
Microsoft Visual Studio Solution File, Format Version 12.00
# Visual Studio Version 17
VisualStudioVersion = 17.9.34622.214
MinimumVisualStudioVersion = 10.0.40219.1
Project("{FAE04EC0-301F-11D3-BF4B-00C04F79EFBC}") = "Contacts", "Contacts.csproj", "{A8D3AE97-E0C9-4E34-ABAC-771D7EDFB5F9}"
EndProject
Global
	GlobalSection(SolutionConfigurationPlatforms) = preSolution
		Debug|Any CPU = Debug|Any CPU
		Release|Any CPU = Release|Any CPU
	EndGlobalSection
	GlobalSection(ProjectConfigurationPlatforms) = postSolution
		{A8D3AE97-E0C9-4E34-ABAC-771D7EDFB5F9}.Debug|Any CPU.ActiveCfg = Debug|Any CPU
		{A8D3AE97-E0C9-4E34-ABAC-771D7EDFB5F9}.Debug|Any CPU.Build.0 = Debug|Any CPU
		{A8D3AE97-E0C9-4E34-ABAC-771D7EDFB5F9}.Release|Any CPU.ActiveCfg = Release|Any CPU
		{A8D3AE97-E0C9-4E34-ABAC-771D7EDFB5F9}.Release|Any CPU.Build.0 = Release|Any CPU
	EndGlobalSection
	GlobalSection(SolutionProperties) = preSolution
		HideSolutionNode = FALSE
	EndGlobalSection
	GlobalSection(ExtensibilityGlobals) = postSolution
		SolutionGuid = {5E9391D9-DEDD-44E2-9220-F43BAC320F55}
	EndGlobalSection
EndGlobal
